
Microsoft Visual Studio Solution File, Format Version 11.00
# Visual Studio 2010
Project("{FAE04EC0-301F-11D3-BF4B-00C04F79EFBC}") = "XNodeEditor", "XNodeEditor.csproj", "{c778178e-159b-7753-637f-a870cbf049de}"
EndProject
Project("{FAE04EC0-301F-11D3-BF4B-00C04F79EFBC}") = "Assembly-CSharp", "Assembly-CSharp.csproj", "{1a80cd9c-a624-8e28-89e9-22c9b66e5dc1}"
EndProject
Project("{FAE04EC0-301F-11D3-BF4B-00C04F79EFBC}") = "XNode", "XNode.csproj", "{09cfe6a1-8af2-3072-6998-f41e345ae934}"
EndProject
Global
	GlobalSection(SolutionConfigurationPlatforms) = preSolution
		Debug|Any CPU = Debug|Any CPU
	EndGlobalSection
	GlobalSection(ProjectConfigurationPlatforms) = postSolution
		{c778178e-159b-7753-637f-a870cbf049de}.Debug|Any CPU.ActiveCfg = Debug|Any CPU
		{c778178e-159b-7753-637f-a870cbf049de}.Debug|Any CPU.Build.0 = Debug|Any CPU
		{1a80cd9c-a624-8e28-89e9-22c9b66e5dc1}.Debug|Any CPU.ActiveCfg = Debug|Any CPU
		{1a80cd9c-a624-8e28-89e9-22c9b66e5dc1}.Debug|Any CPU.Build.0 = Debug|Any CPU
		{09cfe6a1-8af2-3072-6998-f41e345ae934}.Debug|Any CPU.ActiveCfg = Debug|Any CPU
		{09cfe6a1-8af2-3072-6998-f41e345ae934}.Debug|Any CPU.Build.0 = Debug|Any CPU
	EndGlobalSection
	GlobalSection(SolutionProperties) = preSolution
		HideSolutionNode = FALSE
	EndGlobalSection
EndGlobal
